Microsoft Visual Studio Solution File, Format Version 12.00
# Visual Studio Version 18
VisualStudioVersion = 18.2.11415.280
MinimumVisualStudioVersion = 10.0.40219.1
Project("{2150E333-8FDC-42A3-9474-1A3956D46DE8}") = "Maps", "Maps", "{185FF486-A759-4A7E-BEF7-BBF8AC541F4E}"
EndProject
Project("{FAE04EC0-301F-11D3-BF4B-00C04F79EFBC}") = "CloudComponents.Maps", "CloudComponents.Maps\CloudComponents.Maps.csproj", "{294B45CA-BCD0-022F-9AF4-7BE920B64B52}"
EndProject
Project("{FAE04EC0-301F-11D3-BF4B-00C04F79EFBC}") = "CloudComponents.Maps.Web", "CloudComponents.Maps.Web\CloudComponents.Maps.Web.csproj", "{4D751F3C-DDCE-99E5-5AFD-26BF0090EAD9}"
EndProject
Project("{FAE04EC0-301F-11D3-BF4B-00C04F79EFBC}") = "CloudComponents.Maps.Mobile", "CloudComponents.Maps.Mobile\CloudComponents.Maps.Mobile.csproj", "{A25CC2A0-E130-76EE-C8E0-9F1A5F3B64FC}"
EndProject
Project("{FAE04EC0-301F-11D3-BF4B-00C04F79EFBC}") = "CloudComponents.Grid", "CloudComponents.Grid\CloudComponents.Grid.csproj", "{8678A961-0FA5-4301-8963-BDDC98FE595B}"
EndProject
Project("{2150E333-8FDC-42A3-9474-1A3956D46DE8}") = "Grid", "Grid", "{727CC0E9-930E-463C-B4B4-A20EA0881236}"
EndProject
Project("{FAE04EC0-301F-11D3-BF4B-00C04F79EFBC}") = "CloudComponents.Icons", "CloudComponents.Icons\CloudComponents.Icons.csproj", "{D3B09CF6-43E1-4D47-989A-75CC25921192}"
EndProject
Project("{2150E333-8FDC-42A3-9474-1A3956D46DE8}") = "VideoPlayer", "VideoPlayer", "{42AB3EEE-51A7-4C23-8AF9-11E03BB2DE53}"
EndProject
Project("{FAE04EC0-301F-11D3-BF4B-00C04F79EFBC}") = "CloudComponents.VideoPlayer", "CloudComponents.VideoPlayer\CloudComponents.VideoPlayer.csproj", "{66B0B512-341F-7C1C-2562-1C8AC786BB68}"
EndProject
Project("{2150E333-8FDC-42A3-9474-1A3956D46DE8}") = "Basic", "Basic", "{AC024A07-5A9B-4C77-BC28-916AD83C5EF1}"
EndProject
Project("{2150E333-8FDC-42A3-9474-1A3956D46DE8}") = "Icons", "Icons", "{D41FD700-F286-4EC1-9180-99FBDFC5719A}"
EndProject
Project("{FAE04EC0-301F-11D3-BF4B-00C04F79EFBC}") = "CloudComponents.Demo", "CloudComponents.Demo\CloudComponents.Demo.csproj", "{97CCEBC6-A60B-4FF9-BE55-13DDAC977392}"
EndProject
Project("{FAE04EC0-301F-11D3-BF4B-00C04F79EFBC}") = "CloudComponents.Package", "CloudComponents.Package\CloudComponents.Package.csproj", "{219D8C35-F780-E443-44F6-669FE9453258}"
EndProject
Project("{FAE04EC0-301F-11D3-BF4B-00C04F79EFBC}") = "CloudComponents", "CloudComponents\CloudComponents.csproj", "{A440873C-D5CC-33F7-0E69-D39DA8C2312A}"
EndProject
Project("{FAE04EC0-301F-11D3-BF4B-00C04F79EFBC}") = "CloudComponents.Editor", "CloudComponents.Editor\CloudComponents.Editor.csproj", "{F217A197-CF56-4844-84F0-1771753D8A68}"
EndProject
Project("{2150E333-8FDC-42A3-9474-1A3956D46DE8}") = "Editor", "Editor", "{2FBE4F39-6313-4E7A-A28D-1B4A4B0FEB33}"
EndProject
Global
	GlobalSection(SolutionConfigurationPlatforms) = preSolution
		Debug|Any CPU = Debug|Any CPU
		Debug|x64 = Debug|x64
		Debug|x86 = Debug|x86
		Release_Server|Any CPU = Release_Server|Any CPU
		Release_Server|x64 = Release_Server|x64
		Release_Server|x86 = Release_Server|x86
		Release|Any CPU = Release|Any CPU
		Release|x64 = Release|x64
		Release|x86 = Release|x86
	EndGlobalSection
	GlobalSection(ProjectConfigurationPlatforms) = postSolution
		{294B45CA-BCD0-022F-9AF4-7BE920B64B52}.Debug|Any CPU.ActiveCfg = Debug|Any CPU
		{294B45CA-BCD0-022F-9AF4-7BE920B64B52}.Debug|Any CPU.Build.0 = Debug|Any CPU
		{294B45CA-BCD0-022F-9AF4-7BE920B64B52}.Debug|x64.ActiveCfg = Debug|Any CPU
		{294B45CA-BCD0-022F-9AF4-7BE920B64B52}.Debug|x64.Build.0 = Debug|Any CPU
		{294B45CA-BCD0-022F-9AF4-7BE920B64B52}.Debug|x86.ActiveCfg = Debug|Any CPU
		{294B45CA-BCD0-022F-9AF4-7BE920B64B52}.Debug|x86.Build.0 = Debug|Any CPU
		{294B45CA-BCD0-022F-9AF4-7BE920B64B52}.Release_Server|Any CPU.ActiveCfg = Release|Any CPU
		{294B45CA-BCD0-022F-9AF4-7BE920B64B52}.Release_Server|Any CPU.Build.0 = Release|Any CPU
		{294B45CA-BCD0-022F-9AF4-7BE920B64B52}.Release_Server|x64.ActiveCfg = Release_Server|Any CPU
		{294B45CA-BCD0-022F-9AF4-7BE920B64B52}.Release_Server|x64.Build.0 = Release_Server|Any CPU
		{294B45CA-BCD0-022F-9AF4-7BE920B64B52}.Release_Server|x86.ActiveCfg = Release_Server|Any CPU
		{294B45CA-BCD0-022F-9AF4-7BE920B64B52}.Release_Server|x86.Build.0 = Release_Server|Any CPU
		{294B45CA-BCD0-022F-9AF4-7BE920B64B52}.Release|Any CPU.ActiveCfg = Release|Any CPU
		{294B45CA-BCD0-022F-9AF4-7BE920B64B52}.Release|Any CPU.Build.0 = Release|Any CPU
		{294B45CA-BCD0-022F-9AF4-7BE920B64B52}.Release|x64.ActiveCfg = Release|Any CPU
		{294B45CA-BCD0-022F-9AF4-7BE920B64B52}.Release|x64.Build.0 = Release|Any CPU
		{294B45CA-BCD0-022F-9AF4-7BE920B64B52}.Release|x86.ActiveCfg = Release|Any CPU
		{294B45CA-BCD0-022F-9AF4-7BE920B64B52}.Release|x86.Build.0 = Release|Any CPU
		{4D751F3C-DDCE-99E5-5AFD-26BF0090EAD9}.Debug|Any CPU.ActiveCfg = Debug|Any CPU
		{4D751F3C-DDCE-99E5-5AFD-26BF0090EAD9}.Debug|Any CPU.Build.0 = Debug|Any CPU
		{4D751F3C-DDCE-99E5-5AFD-26BF0090EAD9}.Debug|x64.ActiveCfg = Debug|Any CPU
		{4D751F3C-DDCE-99E5-5AFD-26BF0090EAD9}.Debug|x64.Build.0 = Debug|Any CPU
		{4D751F3C-DDCE-99E5-5AFD-26BF0090EAD9}.Debug|x86.ActiveCfg = Debug|Any CPU
		{4D751F3C-DDCE-99E5-5AFD-26BF0090EAD9}.Debug|x86.Build.0 = Debug|Any CPU
		{4D751F3C-DDCE-99E5-5AFD-26BF0090EAD9}.Release_Server|Any CPU.ActiveCfg = Release|Any CPU
		{4D751F3C-DDCE-99E5-5AFD-26BF0090EAD9}.Release_Server|Any CPU.Build.0 = Release|Any CPU
		{4D751F3C-DDCE-99E5-5AFD-26BF0090EAD9}.Release_Server|x64.ActiveCfg = Release_Server|Any CPU
		{4D751F3C-DDCE-99E5-5AFD-26BF0090EAD9}.Release_Server|x64.Build.0 = Release_Server|Any CPU
		{4D751F3C-DDCE-99E5-5AFD-26BF0090EAD9}.Release_Server|x86.ActiveCfg = Release_Server|Any CPU
		{4D751F3C-DDCE-99E5-5AFD-26BF0090EAD9}.Release_Server|x86.Build.0 = Release_Server|Any CPU
		{4D751F3C-DDCE-99E5-5AFD-26BF0090EAD9}.Release|Any CPU.ActiveCfg = Release|Any CPU
		{4D751F3C-DDCE-99E5-5AFD-26BF0090EAD9}.Release|Any CPU.Build.0 = Release|Any CPU
		{4D751F3C-DDCE-99E5-5AFD-26BF0090EAD9}.Release|x64.ActiveCfg = Release|Any CPU
		{4D751F3C-DDCE-99E5-5AFD-26BF0090EAD9}.Release|x64.Build.0 = Release|Any CPU
		{4D751F3C-DDCE-99E5-5AFD-26BF0090EAD9}.Release|x86.ActiveCfg = Release|Any CPU
		{4D751F3C-DDCE-99E5-5AFD-26BF0090EAD9}.Release|x86.Build.0 = Release|Any CPU
		{A25CC2A0-E130-76EE-C8E0-9F1A5F3B64FC}.Debug|Any CPU.ActiveCfg = Debug|Any CPU
		{A25CC2A0-E130-76EE-C8E0-9F1A5F3B64FC}.Debug|Any CPU.Build.0 = Debug|Any CPU
		{A25CC2A0-E130-76EE-C8E0-9F1A5F3B64FC}.Debug|x64.ActiveCfg = Debug|Any CPU
		{A25CC2A0-E130-76EE-C8E0-9F1A5F3B64FC}.Debug|x64.Build.0 = Debug|Any CPU
		{A25CC2A0-E130-76EE-C8E0-9F1A5F3B64FC}.Debug|x86.ActiveCfg = Debug|Any CPU
		{A25CC2A0-E130-76EE-C8E0-9F1A5F3B64FC}.Debug|x86.Build.0 = Debug|Any CPU
		{A25CC2A0-E130-76EE-C8E0-9F1A5F3B64FC}.Release_Server|Any CPU.ActiveCfg = Release|Any CPU
		{A25CC2A0-E130-76EE-C8E0-9F1A5F3B64FC}.Release_Server|Any CPU.Build.0 = Release|Any CPU
		{A25CC2A0-E130-76EE-C8E0-9F1A5F3B64FC}.Release_Server|x64.ActiveCfg = Release_Server|Any CPU
		{A25CC2A0-E130-76EE-C8E0-9F1A5F3B64FC}.Release_Server|x64.Build.0 = Release_Server|Any CPU
		{A25CC2A0-E130-76EE-C8E0-9F1A5F3B64FC}.Release_Server|x86.ActiveCfg = Release_Server|Any CPU
		{A25CC2A0-E130-76EE-C8E0-9F1A5F3B64FC}.Release_Server|x86.Build.0 = Release_Server|Any CPU
		{A25CC2A0-E130-76EE-C8E0-9F1A5F3B64FC}.Release|Any CPU.ActiveCfg = Release|Any CPU
		{A25CC2A0-E130-76EE-C8E0-9F1A5F3B64FC}.Release|Any CPU.Build.0 = Release|Any CPU
		{A25CC2A0-E130-76EE-C8E0-9F1A5F3B64FC}.Release|x64.ActiveCfg = Release|Any CPU
		{A25CC2A0-E130-76EE-C8E0-9F1A5F3B64FC}.Release|x64.Build.0 = Release|Any CPU
		{A25CC2A0-E130-76EE-C8E0-9F1A5F3B64FC}.Release|x86.ActiveCfg = Release|Any CPU
		{A25CC2A0-E130-76EE-C8E0-9F1A5F3B64FC}.Release|x86.Build.0 = Release|Any CPU
		{8678A961-0FA5-4301-8963-BDDC98FE595B}.Debug|Any CPU.ActiveCfg = Debug|Any CPU
		{8678A961-0FA5-4301-8963-BDDC98FE595B}.Debug|Any CPU.Build.0 = Debug|Any CPU
		{8678A961-0FA5-4301-8963-BDDC98FE595B}.Debug|x64.ActiveCfg = Debug|Any CPU
		{8678A961-0FA5-4301-8963-BDDC98FE595B}.Debug|x64.Build.0 = Debug|Any CPU
		{8678A961-0FA5-4301-8963-BDDC98FE595B}.Debug|x86.ActiveCfg = Debug|Any CPU
		{8678A961-0FA5-4301-8963-BDDC98FE595B}.Debug|x86.Build.0 = Debug|Any CPU
		{8678A961-0FA5-4301-8963-BDDC98FE595B}.Release_Server|Any CPU.ActiveCfg = Release_Server|Any CPU
		{8678A961-0FA5-4301-8963-BDDC98FE595B}.Release_Server|Any CPU.Build.0 = Release_Server|Any CPU
		{8678A961-0FA5-4301-8963-BDDC98FE595B}.Release_Server|x64.ActiveCfg = Release_Server|Any CPU
		{8678A961-0FA5-4301-8963-BDDC98FE595B}.Release_Server|x64.Build.0 = Release_Server|Any CPU
		{8678A961-0FA5-4301-8963-BDDC98FE595B}.Release_Server|x86.ActiveCfg = Release_Server|Any CPU
		{8678A961-0FA5-4301-8963-BDDC98FE595B}.Release_Server|x86.Build.0 = Release_Server|Any CPU
		{8678A961-0FA5-4301-8963-BDDC98FE595B}.Release|Any CPU.ActiveCfg = Release|Any CPU
		{8678A961-0FA5-4301-8963-BDDC98FE595B}.Release|Any CPU.Build.0 = Release|Any CPU
		{8678A961-0FA5-4301-8963-BDDC98FE595B}.Release|x64.ActiveCfg = Release|Any CPU
		{8678A961-0FA5-4301-8963-BDDC98FE595B}.Release|x64.Build.0 = Release|Any CPU
		{8678A961-0FA5-4301-8963-BDDC98FE595B}.Release|x86.ActiveCfg = Release|Any CPU
		{8678A961-0FA5-4301-8963-BDDC98FE595B}.Release|x86.Build.0 = Release|Any CPU
		{D3B09CF6-43E1-4D47-989A-75CC25921192}.Debug|Any CPU.ActiveCfg = Debug|Any CPU
		{D3B09CF6-43E1-4D47-989A-75CC25921192}.Debug|Any CPU.Build.0 = Debug|Any CPU
		{D3B09CF6-43E1-4D47-989A-75CC25921192}.Debug|x64.ActiveCfg = Debug|Any CPU
		{D3B09CF6-43E1-4D47-989A-75CC25921192}.Debug|x64.Build.0 = Debug|Any CPU
		{D3B09CF6-43E1-4D47-989A-75CC25921192}.Debug|x86.ActiveCfg = Debug|Any CPU
		{D3B09CF6-43E1-4D47-989A-75CC25921192}.Debug|x86.Build.0 = Debug|Any CPU
		{D3B09CF6-43E1-4D47-989A-75CC25921192}.Release_Server|Any CPU.ActiveCfg = Release|Any CPU
		{D3B09CF6-43E1-4D47-989A-75CC25921192}.Release_Server|Any CPU.Build.0 = Release|Any CPU
		{D3B09CF6-43E1-4D47-989A-75CC25921192}.Release_Server|x64.ActiveCfg = Release|Any CPU
		{D3B09CF6-43E1-4D47-989A-75CC25921192}.Release_Server|x64.Build.0 = Release|Any CPU
		{D3B09CF6-43E1-4D47-989A-75CC25921192}.Release_Server|x86.ActiveCfg = Release|Any CPU
		{D3B09CF6-43E1-4D47-989A-75CC25921192}.Release_Server|x86.Build.0 = Release|Any CPU
		{D3B09CF6-43E1-4D47-989A-75CC25921192}.Release|Any CPU.ActiveCfg = Release|Any CPU
		{D3B09CF6-43E1-4D47-989A-75CC25921192}.Release|Any CPU.Build.0 = Release|Any CPU
		{D3B09CF6-43E1-4D47-989A-75CC25921192}.Release|x64.ActiveCfg = Release|Any CPU
		{D3B09CF6-43E1-4D47-989A-75CC25921192}.Release|x64.Build.0 = Release|Any CPU
		{D3B09CF6-43E1-4D47-989A-75CC25921192}.Release|x86.ActiveCfg = Release|Any CPU
		{D3B09CF6-43E1-4D47-989A-75CC25921192}.Release|x86.Build.0 = Release|Any CPU
		{66B0B512-341F-7C1C-2562-1C8AC786BB68}.Debug|Any CPU.ActiveCfg = Debug|Any CPU
		{66B0B512-341F-7C1C-2562-1C8AC786BB68}.Debug|Any CPU.Build.0 = Debug|Any CPU
		{66B0B512-341F-7C1C-2562-1C8AC786BB68}.Debug|x64.ActiveCfg = Debug|Any CPU
		{66B0B512-341F-7C1C-2562-1C8AC786BB68}.Debug|x64.Build.0 = Debug|Any CPU
		{66B0B512-341F-7C1C-2562-1C8AC786BB68}.Debug|x86.ActiveCfg = Debug|Any CPU
		{66B0B512-341F-7C1C-2562-1C8AC786BB68}.Debug|x86.Build.0 = Debug|Any CPU
		{66B0B512-341F-7C1C-2562-1C8AC786BB68}.Release_Server|Any CPU.ActiveCfg = Release_Server|Any CPU
		{66B0B512-341F-7C1C-2562-1C8AC786BB68}.Release_Server|Any CPU.Build.0 = Release_Server|Any CPU
		{66B0B512-341F-7C1C-2562-1C8AC786BB68}.Release_Server|x64.ActiveCfg = Release_Server|Any CPU
		{66B0B512-341F-7C1C-2562-1C8AC786BB68}.Release_Server|x64.Build.0 = Release_Server|Any CPU
		{66B0B512-341F-7C1C-2562-1C8AC786BB68}.Release_Server|x86.ActiveCfg = Release_Server|Any CPU
		{66B0B512-341F-7C1C-2562-1C8AC786BB68}.Release_Server|x86.Build.0 = Release_Server|Any CPU
		{66B0B512-341F-7C1C-2562-1C8AC786BB68}.Release|Any CPU.ActiveCfg = Release|Any CPU
		{66B0B512-341F-7C1C-2562-1C8AC786BB68}.Release|Any CPU.Build.0 = Release|Any CPU
		{66B0B512-341F-7C1C-2562-1C8AC786BB68}.Release|x64.ActiveCfg = Release|Any CPU
		{66B0B512-341F-7C1C-2562-1C8AC786BB68}.Release|x64.Build.0 = Release|Any CPU
		{66B0B512-341F-7C1C-2562-1C8AC786BB68}.Release|x86.ActiveCfg = Release|Any CPU
		{66B0B512-341F-7C1C-2562-1C8AC786BB68}.Release|x86.Build.0 = Release|Any CPU
		{97CCEBC6-A60B-4FF9-BE55-13DDAC977392}.Debug|Any CPU.ActiveCfg = Debug|Any CPU
		{97CCEBC6-A60B-4FF9-BE55-13DDAC977392}.Debug|Any CPU.Build.0 = Debug|Any CPU
		{97CCEBC6-A60B-4FF9-BE55-13DDAC977392}.Debug|x64.ActiveCfg = Debug|Any CPU
		{97CCEBC6-A60B-4FF9-BE55-13DDAC977392}.Debug|x64.Build.0 = Debug|Any CPU
		{97CCEBC6-A60B-4FF9-BE55-13DDAC977392}.Debug|x86.ActiveCfg = Debug|Any CPU
		{97CCEBC6-A60B-4FF9-BE55-13DDAC977392}.Debug|x86.Build.0 = Debug|Any CPU
		{97CCEBC6-A60B-4FF9-BE55-13DDAC977392}.Release_Server|Any CPU.ActiveCfg = Release_Server|Any CPU
		{97CCEBC6-A60B-4FF9-BE55-13DDAC977392}.Release_Server|Any CPU.Build.0 = Release_Server|Any CPU
		{97CCEBC6-A60B-4FF9-BE55-13DDAC977392}.Release_Server|x64.ActiveCfg = Release_Server|Any CPU
		{97CCEBC6-A60B-4FF9-BE55-13DDAC977392}.Release_Server|x64.Build.0 = Release_Server|Any CPU
		{97CCEBC6-A60B-4FF9-BE55-13DDAC977392}.Release_Server|x86.ActiveCfg = Release_Server|Any CPU
		{97CCEBC6-A60B-4FF9-BE55-13DDAC977392}.Release_Server|x86.Build.0 = Release_Server|Any CPU
		{97CCEBC6-A60B-4FF9-BE55-13DDAC977392}.Release|Any CPU.ActiveCfg = Release|Any CPU
		{97CCEBC6-A60B-4FF9-BE55-13DDAC977392}.Release|Any CPU.Build.0 = Release|Any CPU
		{97CCEBC6-A60B-4FF9-BE55-13DDAC977392}.Release|x64.ActiveCfg = Release|Any CPU
		{97CCEBC6-A60B-4FF9-BE55-13DDAC977392}.Release|x64.Build.0 = Release|Any CPU
		{97CCEBC6-A60B-4FF9-BE55-13DDAC977392}.Release|x86.ActiveCfg = Release|Any CPU
		{97CCEBC6-A60B-4FF9-BE55-13DDAC977392}.Release|x86.Build.0 = Release|Any CPU
		{219D8C35-F780-E443-44F6-669FE9453258}.Debug|Any CPU.ActiveCfg = Debug|Any CPU
		{219D8C35-F780-E443-44F6-669FE9453258}.Debug|Any CPU.Build.0 = Debug|Any CPU
		{219D8C35-F780-E443-44F6-669FE9453258}.Debug|x64.ActiveCfg = Debug|Any CPU
		{219D8C35-F780-E443-44F6-669FE9453258}.Debug|x64.Build.0 = Debug|Any CPU
		{219D8C35-F780-E443-44F6-669FE9453258}.Debug|x86.ActiveCfg = Debug|Any CPU
		{219D8C35-F780-E443-44F6-669FE9453258}.Debug|x86.Build.0 = Debug|Any CPU
		{219D8C35-F780-E443-44F6-669FE9453258}.Release_Server|Any CPU.ActiveCfg = Release|Any CPU
		{219D8C35-F780-E443-44F6-669FE9453258}.Release_Server|Any CPU.Build.0 = Release|Any CPU
		{219D8C35-F780-E443-44F6-669FE9453258}.Release_Server|x64.ActiveCfg = Release|Any CPU
		{219D8C35-F780-E443-44F6-669FE9453258}.Release_Server|x64.Build.0 = Release|Any CPU
		{219D8C35-F780-E443-44F6-669FE9453258}.Release_Server|x86.ActiveCfg = Release|Any CPU
		{219D8C35-F780-E443-44F6-669FE9453258}.Release_Server|x86.Build.0 = Release|Any CPU
		{219D8C35-F780-E443-44F6-669FE9453258}.Release|Any CPU.ActiveCfg = Release|Any CPU
		{219D8C35-F780-E443-44F6-669FE9453258}.Release|Any CPU.Build.0 = Release|Any CPU
		{219D8C35-F780-E443-44F6-669FE9453258}.Release|x64.ActiveCfg = Release|Any CPU
		{219D8C35-F780-E443-44F6-669FE9453258}.Release|x64.Build.0 = Release|Any CPU
		{219D8C35-F780-E443-44F6-669FE9453258}.Release|x86.ActiveCfg = Release|Any CPU
		{219D8C35-F780-E443-44F6-669FE9453258}.Release|x86.Build.0 = Release|Any CPU
		{A440873C-D5CC-33F7-0E69-D39DA8C2312A}.Debug|Any CPU.ActiveCfg = Debug|Any CPU
		{A440873C-D5CC-33F7-0E69-D39DA8C2312A}.Debug|Any CPU.Build.0 = Debug|Any CPU
		{A440873C-D5CC-33F7-0E69-D39DA8C2312A}.Debug|x64.ActiveCfg = Debug|Any CPU
		{A440873C-D5CC-33F7-0E69-D39DA8C2312A}.Debug|x64.Build.0 = Debug|Any CPU
		{A440873C-D5CC-33F7-0E69-D39DA8C2312A}.Debug|x86.ActiveCfg = Debug|Any CPU
		{A440873C-D5CC-33F7-0E69-D39DA8C2312A}.Debug|x86.Build.0 = Debug|Any CPU
		{A440873C-D5CC-33F7-0E69-D39DA8C2312A}.Release_Server|Any CPU.ActiveCfg = Release_Server|Any CPU
		{A440873C-D5CC-33F7-0E69-D39DA8C2312A}.Release_Server|Any CPU.Build.0 = Release_Server|Any CPU
		{A440873C-D5CC-33F7-0E69-D39DA8C2312A}.Release_Server|x64.ActiveCfg = Release_Server|Any CPU
		{A440873C-D5CC-33F7-0E69-D39DA8C2312A}.Release_Server|x64.Build.0 = Release_Server|Any CPU
		{A440873C-D5CC-33F7-0E69-D39DA8C2312A}.Release_Server|x86.ActiveCfg = Release_Server|Any CPU
		{A440873C-D5CC-33F7-0E69-D39DA8C2312A}.Release_Server|x86.Build.0 = Release_Server|Any CPU
		{A440873C-D5CC-33F7-0E69-D39DA8C2312A}.Release|Any CPU.ActiveCfg = Release|Any CPU
		{A440873C-D5CC-33F7-0E69-D39DA8C2312A}.Release|Any CPU.Build.0 = Release|Any CPU
		{A440873C-D5CC-33F7-0E69-D39DA8C2312A}.Release|x64.ActiveCfg = Release|Any CPU
		{A440873C-D5CC-33F7-0E69-D39DA8C2312A}.Release|x64.Build.0 = Release|Any CPU
		{A440873C-D5CC-33F7-0E69-D39DA8C2312A}.Release|x86.ActiveCfg = Release|Any CPU
		{A440873C-D5CC-33F7-0E69-D39DA8C2312A}.Release|x86.Build.0 = Release|Any CPU
		{F217A197-CF56-4844-84F0-1771753D8A68}.Debug|Any CPU.ActiveCfg = Debug|Any CPU
		{F217A197-CF56-4844-84F0-1771753D8A68}.Debug|Any CPU.Build.0 = Debug|Any CPU
		{F217A197-CF56-4844-84F0-1771753D8A68}.Debug|x64.ActiveCfg = Debug|Any CPU
		{F217A197-CF56-4844-84F0-1771753D8A68}.Debug|x64.Build.0 = Debug|Any CPU
		{F217A197-CF56-4844-84F0-1771753D8A68}.Debug|x86.ActiveCfg = Debug|Any CPU
		{F217A197-CF56-4844-84F0-1771753D8A68}.Debug|x86.Build.0 = Debug|Any CPU
		{F217A197-CF56-4844-84F0-1771753D8A68}.Release_Server|Any CPU.ActiveCfg = Release_Server|Any CPU
		{F217A197-CF56-4844-84F0-1771753D8A68}.Release_Server|Any CPU.Build.0 = Release_Server|Any CPU
		{F217A197-CF56-4844-84F0-1771753D8A68}.Release_Server|x64.ActiveCfg = Release_Server|Any CPU
		{F217A197-CF56-4844-84F0-1771753D8A68}.Release_Server|x64.Build.0 = Release_Server|Any CPU
		{F217A197-CF56-4844-84F0-1771753D8A68}.Release_Server|x86.ActiveCfg = Release_Server|Any CPU
		{F217A197-CF56-4844-84F0-1771753D8A68}.Release_Server|x86.Build.0 = Release_Server|Any CPU
		{F217A197-CF56-4844-84F0-1771753D8A68}.Release|Any CPU.ActiveCfg = Release|Any CPU
		{F217A197-CF56-4844-84F0-1771753D8A68}.Release|Any CPU.Build.0 = Release|Any CPU
		{F217A197-CF56-4844-84F0-1771753D8A68}.Release|x64.ActiveCfg = Release|Any CPU
		{F217A197-CF56-4844-84F0-1771753D8A68}.Release|x64.Build.0 = Release|Any CPU
		{F217A197-CF56-4844-84F0-1771753D8A68}.Release|x86.ActiveCfg = Release|Any CPU
		{F217A197-CF56-4844-84F0-1771753D8A68}.Release|x86.Build.0 = Release|Any CPU
	EndGlobalSection
	GlobalSection(SolutionProperties) = preSolution
		HideSolutionNode = FALSE
	EndGlobalSection
	GlobalSection(NestedProjects) = preSolution
		{294B45CA-BCD0-022F-9AF4-7BE920B64B52} = {185FF486-A759-4A7E-BEF7-BBF8AC541F4E}
		{4D751F3C-DDCE-99E5-5AFD-26BF0090EAD9} = {185FF486-A759-4A7E-BEF7-BBF8AC541F4E}
		{A25CC2A0-E130-76EE-C8E0-9F1A5F3B64FC} = {185FF486-A759-4A7E-BEF7-BBF8AC541F4E}
		{8678A961-0FA5-4301-8963-BDDC98FE595B} = {727CC0E9-930E-463C-B4B4-A20EA0881236}
		{D3B09CF6-43E1-4D47-989A-75CC25921192} = {D41FD700-F286-4EC1-9180-99FBDFC5719A}
		{66B0B512-341F-7C1C-2562-1C8AC786BB68} = {42AB3EEE-51A7-4C23-8AF9-11E03BB2DE53}
		{A440873C-D5CC-33F7-0E69-D39DA8C2312A} = {AC024A07-5A9B-4C77-BC28-916AD83C5EF1}
		{F217A197-CF56-4844-84F0-1771753D8A68} = {2FBE4F39-6313-4E7A-A28D-1B4A4B0FEB33}
	EndGlobalSection
	GlobalSection(ExtensibilityGlobals) = postSolution
		SolutionGuid = {0E2B2251-4D4B-4031-8703-54146C8A2312}
	EndGlobalSection
EndGlobal
