Microsoft Visual Studio Solution File, Format Version 12.00
# Visual Studio Version 18
VisualStudioVersion = 18.2.11415.280
MinimumVisualStudioVersion = 10.0.40219.1
Project("{9A19103F-16F7-4668-BE54-9A1E7A4F7556}") = "Components", "Components\Components.csproj", "{5C9C82BC-E60C-4FFE-A8F4-96A5DFF36D75}"
EndProject
Project("{9A19103F-16F7-4668-BE54-9A1E7A4F7556}") = "Components.WebAssmbly", "archived\Components.WebAssmbly\Components.WebAssmbly.csproj", "{A5C371C9-7183-4821-8714-77F4A69D2CAA}"
EndProject
Project("{2150E333-8FDC-42A3-9474-1A3956D46DE8}") = "Maps", "Maps", "{185FF486-A759-4A7E-BEF7-BBF8AC541F4E}"
EndProject
Project("{FAE04EC0-301F-11D3-BF4B-00C04F79EFBC}") = "CloudComponents.Maps", "CloudComponents.Maps\CloudComponents.Maps.csproj", "{294B45CA-BCD0-022F-9AF4-7BE920B64B52}"
EndProject
Project("{FAE04EC0-301F-11D3-BF4B-00C04F79EFBC}") = "CloudComponents.Maps.Web", "CloudComponents.Maps.Web\CloudComponents.Maps.Web.csproj", "{4D751F3C-DDCE-99E5-5AFD-26BF0090EAD9}"
EndProject
Project("{FAE04EC0-301F-11D3-BF4B-00C04F79EFBC}") = "CloudComponents.Maps.Mobile", "CloudComponents.Maps.Mobile\CloudComponents.Maps.Mobile.csproj", "{A25CC2A0-E130-76EE-C8E0-9F1A5F3B64FC}"
EndProject
Project("{FAE04EC0-301F-11D3-BF4B-00C04F79EFBC}") = "CloudComponents.Grid", "CloudComponents.Grid\CloudComponents.Grid.csproj", "{8678A961-0FA5-4301-8963-BDDC98FE595B}"
EndProject
Project("{2150E333-8FDC-42A3-9474-1A3956D46DE8}") = "Grid", "Grid", "{727CC0E9-930E-463C-B4B4-A20EA0881236}"
EndProject
Project("{FAE04EC0-301F-11D3-BF4B-00C04F79EFBC}") = "CloudComponents.Icons", "CloudComponents.Icons\CloudComponents.Icons.csproj", "{D3B09CF6-43E1-4D47-989A-75CC25921192}"
EndProject
Project("{FAE04EC0-301F-11D3-BF4B-00C04F79EFBC}") = "CloudComponents.Grid.Demo", "archived\CloudComponents.Grid.Demo\CloudComponents.Grid.Demo.csproj", "{A4F5784A-1607-BABB-CAF4-8EAB217A9C87}"
EndProject
Project("{FAE04EC0-301F-11D3-BF4B-00C04F79EFBC}") = "CloudComponents.Maps.Demo", "archived\CloudComponents.Maps.Demo\CloudComponents.Maps.Demo.csproj", "{CF2DC545-D0E3-A396-ED05-CF2DEA797709}"
EndProject
Project("{2150E333-8FDC-42A3-9474-1A3956D46DE8}") = "VideoPlayer", "VideoPlayer", "{42AB3EEE-51A7-4C23-8AF9-11E03BB2DE53}"
EndProject
Project("{FAE04EC0-301F-11D3-BF4B-00C04F79EFBC}") = "CloudComponents.VideoPlayer", "CloudComponents.VideoPlayer\CloudComponents.VideoPlayer.csproj", "{66B0B512-341F-7C1C-2562-1C8AC786BB68}"
EndProject
Project("{FAE04EC0-301F-11D3-BF4B-00C04F79EFBC}") = "CloudComponents.VideoPlayer.Demo", "archived\CloudComponents.VideoPlayer.Demo\CloudComponents.VideoPlayer.Demo.csproj", "{988651A8-4B36-F06F-7D96-2357ECC4D738}"
EndProject
Project("{FAE04EC0-301F-11D3-BF4B-00C04F79EFBC}") = "Components.Demo", "archived\Components.Demo\Components.Demo.csproj", "{87686246-725E-2015-ADA2-C54999C555D3}"
EndProject
Project("{2150E333-8FDC-42A3-9474-1A3956D46DE8}") = "Components", "Components", "{AC024A07-5A9B-4C77-BC28-916AD83C5EF1}"
EndProject
Project("{2150E333-8FDC-42A3-9474-1A3956D46DE8}") = "Icons", "Icons", "{D41FD700-F286-4EC1-9180-99FBDFC5719A}"
EndProject
Project("{FAE04EC0-301F-11D3-BF4B-00C04F79EFBC}") = "CloudComponents.Icons.Demo", "archived\CloudComponents.Icons.Demo\CloudComponents.Icons.Demo.csproj", "{7107F6C9-B7B2-F31B-6F6E-BA96207DEDD7}"
EndProject
Project("{FAE04EC0-301F-11D3-BF4B-00C04F79EFBC}") = "CloudComponents.Demo", "CloudComponents.Demo\CloudComponents.Demo.csproj", "{97CCEBC6-A60B-4FF9-BE55-13DDAC977392}"
EndProject
Global
	GlobalSection(SolutionConfigurationPlatforms) = preSolution
		Debug|Any CPU = Debug|Any CPU
		Debug|x64 = Debug|x64
		Debug|x86 = Debug|x86
		Release_Server|Any CPU = Release_Server|Any CPU
		Release_Server|x64 = Release_Server|x64
		Release_Server|x86 = Release_Server|x86
		Release|Any CPU = Release|Any CPU
		Release|x64 = Release|x64
		Release|x86 = Release|x86
	EndGlobalSection
	GlobalSection(ProjectConfigurationPlatforms) = postSolution
		{5C9C82BC-E60C-4FFE-A8F4-96A5DFF36D75}.Debug|Any CPU.ActiveCfg = Debug|Any CPU
		{5C9C82BC-E60C-4FFE-A8F4-96A5DFF36D75}.Debug|Any CPU.Build.0 = Debug|Any CPU
		{5C9C82BC-E60C-4FFE-A8F4-96A5DFF36D75}.Debug|x64.ActiveCfg = Debug|Any CPU
		{5C9C82BC-E60C-4FFE-A8F4-96A5DFF36D75}.Debug|x64.Build.0 = Debug|Any CPU
		{5C9C82BC-E60C-4FFE-A8F4-96A5DFF36D75}.Debug|x86.ActiveCfg = Debug|Any CPU
		{5C9C82BC-E60C-4FFE-A8F4-96A5DFF36D75}.Debug|x86.Build.0 = Debug|Any CPU
		{5C9C82BC-E60C-4FFE-A8F4-96A5DFF36D75}.Release_Server|Any CPU.ActiveCfg = Release_Server|Any CPU
		{5C9C82BC-E60C-4FFE-A8F4-96A5DFF36D75}.Release_Server|Any CPU.Build.0 = Release_Server|Any CPU
		{5C9C82BC-E60C-4FFE-A8F4-96A5DFF36D75}.Release_Server|x64.ActiveCfg = Release_Server|Any CPU
		{5C9C82BC-E60C-4FFE-A8F4-96A5DFF36D75}.Release_Server|x64.Build.0 = Release_Server|Any CPU
		{5C9C82BC-E60C-4FFE-A8F4-96A5DFF36D75}.Release_Server|x86.ActiveCfg = Release_Server|Any CPU
		{5C9C82BC-E60C-4FFE-A8F4-96A5DFF36D75}.Release_Server|x86.Build.0 = Release_Server|Any CPU
		{5C9C82BC-E60C-4FFE-A8F4-96A5DFF36D75}.Release|Any CPU.ActiveCfg = Release|Any CPU
		{5C9C82BC-E60C-4FFE-A8F4-96A5DFF36D75}.Release|Any CPU.Build.0 = Release|Any CPU
		{5C9C82BC-E60C-4FFE-A8F4-96A5DFF36D75}.Release|x64.ActiveCfg = Release|Any CPU
		{5C9C82BC-E60C-4FFE-A8F4-96A5DFF36D75}.Release|x64.Build.0 = Release|Any CPU
		{5C9C82BC-E60C-4FFE-A8F4-96A5DFF36D75}.Release|x86.ActiveCfg = Release|Any CPU
		{5C9C82BC-E60C-4FFE-A8F4-96A5DFF36D75}.Release|x86.Build.0 = Release|Any CPU
		{A5C371C9-7183-4821-8714-77F4A69D2CAA}.Debug|Any CPU.ActiveCfg = Debug|Any CPU
		{A5C371C9-7183-4821-8714-77F4A69D2CAA}.Debug|Any CPU.Build.0 = Debug|Any CPU
		{A5C371C9-7183-4821-8714-77F4A69D2CAA}.Debug|x64.ActiveCfg = Debug|Any CPU
		{A5C371C9-7183-4821-8714-77F4A69D2CAA}.Debug|x64.Build.0 = Debug|Any CPU
		{A5C371C9-7183-4821-8714-77F4A69D2CAA}.Debug|x86.ActiveCfg = Debug|Any CPU
		{A5C371C9-7183-4821-8714-77F4A69D2CAA}.Debug|x86.Build.0 = Debug|Any CPU
		{A5C371C9-7183-4821-8714-77F4A69D2CAA}.Release_Server|Any CPU.ActiveCfg = Release|Any CPU
		{A5C371C9-7183-4821-8714-77F4A69D2CAA}.Release_Server|Any CPU.Build.0 = Release|Any CPU
		{A5C371C9-7183-4821-8714-77F4A69D2CAA}.Release_Server|x64.ActiveCfg = Release|Any CPU
		{A5C371C9-7183-4821-8714-77F4A69D2CAA}.Release_Server|x64.Build.0 = Release|Any CPU
		{A5C371C9-7183-4821-8714-77F4A69D2CAA}.Release_Server|x86.ActiveCfg = Release|Any CPU
		{A5C371C9-7183-4821-8714-77F4A69D2CAA}.Release_Server|x86.Build.0 = Release|Any CPU
		{A5C371C9-7183-4821-8714-77F4A69D2CAA}.Release|Any CPU.ActiveCfg = Release|Any CPU
		{A5C371C9-7183-4821-8714-77F4A69D2CAA}.Release|Any CPU.Build.0 = Release|Any CPU
		{A5C371C9-7183-4821-8714-77F4A69D2CAA}.Release|x64.ActiveCfg = Release|Any CPU
		{A5C371C9-7183-4821-8714-77F4A69D2CAA}.Release|x64.Build.0 = Release|Any CPU
		{A5C371C9-7183-4821-8714-77F4A69D2CAA}.Release|x86.ActiveCfg = Release|Any CPU
		{A5C371C9-7183-4821-8714-77F4A69D2CAA}.Release|x86.Build.0 = Release|Any CPU
		{294B45CA-BCD0-022F-9AF4-7BE920B64B52}.Debug|Any CPU.ActiveCfg = Debug|Any CPU
		{294B45CA-BCD0-022F-9AF4-7BE920B64B52}.Debug|Any CPU.Build.0 = Debug|Any CPU
		{294B45CA-BCD0-022F-9AF4-7BE920B64B52}.Debug|x64.ActiveCfg = Debug|Any CPU
		{294B45CA-BCD0-022F-9AF4-7BE920B64B52}.Debug|x64.Build.0 = Debug|Any CPU
		{294B45CA-BCD0-022F-9AF4-7BE920B64B52}.Debug|x86.ActiveCfg = Debug|Any CPU
		{294B45CA-BCD0-022F-9AF4-7BE920B64B52}.Debug|x86.Build.0 = Debug|Any CPU
		{294B45CA-BCD0-022F-9AF4-7BE920B64B52}.Release_Server|Any CPU.ActiveCfg = Release|Any CPU
		{294B45CA-BCD0-022F-9AF4-7BE920B64B52}.Release_Server|Any CPU.Build.0 = Release|Any CPU
		{294B45CA-BCD0-022F-9AF4-7BE920B64B52}.Release_Server|x64.ActiveCfg = Release_Server|Any CPU
		{294B45CA-BCD0-022F-9AF4-7BE920B64B52}.Release_Server|x64.Build.0 = Release_Server|Any CPU
		{294B45CA-BCD0-022F-9AF4-7BE920B64B52}.Release_Server|x86.ActiveCfg = Release_Server|Any CPU
		{294B45CA-BCD0-022F-9AF4-7BE920B64B52}.Release_Server|x86.Build.0 = Release_Server|Any CPU
		{294B45CA-BCD0-022F-9AF4-7BE920B64B52}.Release|Any CPU.ActiveCfg = Release|Any CPU
		{294B45CA-BCD0-022F-9AF4-7BE920B64B52}.Release|Any CPU.Build.0 = Release|Any CPU
		{294B45CA-BCD0-022F-9AF4-7BE920B64B52}.Release|x64.ActiveCfg = Release|Any CPU
		{294B45CA-BCD0-022F-9AF4-7BE920B64B52}.Release|x64.Build.0 = Release|Any CPU
		{294B45CA-BCD0-022F-9AF4-7BE920B64B52}.Release|x86.ActiveCfg = Release|Any CPU
		{294B45CA-BCD0-022F-9AF4-7BE920B64B52}.Release|x86.Build.0 = Release|Any CPU
		{4D751F3C-DDCE-99E5-5AFD-26BF0090EAD9}.Debug|Any CPU.ActiveCfg = Debug|Any CPU
		{4D751F3C-DDCE-99E5-5AFD-26BF0090EAD9}.Debug|Any CPU.Build.0 = Debug|Any CPU
		{4D751F3C-DDCE-99E5-5AFD-26BF0090EAD9}.Debug|x64.ActiveCfg = Debug|Any CPU
		{4D751F3C-DDCE-99E5-5AFD-26BF0090EAD9}.Debug|x64.Build.0 = Debug|Any CPU
		{4D751F3C-DDCE-99E5-5AFD-26BF0090EAD9}.Debug|x86.ActiveCfg = Debug|Any CPU
		{4D751F3C-DDCE-99E5-5AFD-26BF0090EAD9}.Debug|x86.Build.0 = Debug|Any CPU
		{4D751F3C-DDCE-99E5-5AFD-26BF0090EAD9}.Release_Server|Any CPU.ActiveCfg = Release|Any CPU
		{4D751F3C-DDCE-99E5-5AFD-26BF0090EAD9}.Release_Server|Any CPU.Build.0 = Release|Any CPU
		{4D751F3C-DDCE-99E5-5AFD-26BF0090EAD9}.Release_Server|x64.ActiveCfg = Release_Server|Any CPU
		{4D751F3C-DDCE-99E5-5AFD-26BF0090EAD9}.Release_Server|x64.Build.0 = Release_Server|Any CPU
		{4D751F3C-DDCE-99E5-5AFD-26BF0090EAD9}.Release_Server|x86.ActiveCfg = Release_Server|Any CPU
		{4D751F3C-DDCE-99E5-5AFD-26BF0090EAD9}.Release_Server|x86.Build.0 = Release_Server|Any CPU
		{4D751F3C-DDCE-99E5-5AFD-26BF0090EAD9}.Release|Any CPU.ActiveCfg = Release|Any CPU
		{4D751F3C-DDCE-99E5-5AFD-26BF0090EAD9}.Release|Any CPU.Build.0 = Release|Any CPU
		{4D751F3C-DDCE-99E5-5AFD-26BF0090EAD9}.Release|x64.ActiveCfg = Release|Any CPU
		{4D751F3C-DDCE-99E5-5AFD-26BF0090EAD9}.Release|x64.Build.0 = Release|Any CPU
		{4D751F3C-DDCE-99E5-5AFD-26BF0090EAD9}.Release|x86.ActiveCfg = Release|Any CPU
		{4D751F3C-DDCE-99E5-5AFD-26BF0090EAD9}.Release|x86.Build.0 = Release|Any CPU
		{A25CC2A0-E130-76EE-C8E0-9F1A5F3B64FC}.Debug|Any CPU.ActiveCfg = Debug|Any CPU
		{A25CC2A0-E130-76EE-C8E0-9F1A5F3B64FC}.Debug|Any CPU.Build.0 = Debug|Any CPU
		{A25CC2A0-E130-76EE-C8E0-9F1A5F3B64FC}.Debug|x64.ActiveCfg = Debug|Any CPU
		{A25CC2A0-E130-76EE-C8E0-9F1A5F3B64FC}.Debug|x64.Build.0 = Debug|Any CPU
		{A25CC2A0-E130-76EE-C8E0-9F1A5F3B64FC}.Debug|x86.ActiveCfg = Debug|Any CPU
		{A25CC2A0-E130-76EE-C8E0-9F1A5F3B64FC}.Debug|x86.Build.0 = Debug|Any CPU
		{A25CC2A0-E130-76EE-C8E0-9F1A5F3B64FC}.Release_Server|Any CPU.ActiveCfg = Release|Any CPU
		{A25CC2A0-E130-76EE-C8E0-9F1A5F3B64FC}.Release_Server|Any CPU.Build.0 = Release|Any CPU
		{A25CC2A0-E130-76EE-C8E0-9F1A5F3B64FC}.Release_Server|x64.ActiveCfg = Release_Server|Any CPU
		{A25CC2A0-E130-76EE-C8E0-9F1A5F3B64FC}.Release_Server|x64.Build.0 = Release_Server|Any CPU
		{A25CC2A0-E130-76EE-C8E0-9F1A5F3B64FC}.Release_Server|x86.ActiveCfg = Release_Server|Any CPU
		{A25CC2A0-E130-76EE-C8E0-9F1A5F3B64FC}.Release_Server|x86.Build.0 = Release_Server|Any CPU
		{A25CC2A0-E130-76EE-C8E0-9F1A5F3B64FC}.Release|Any CPU.ActiveCfg = Release|Any CPU
		{A25CC2A0-E130-76EE-C8E0-9F1A5F3B64FC}.Release|Any CPU.Build.0 = Release|Any CPU
		{A25CC2A0-E130-76EE-C8E0-9F1A5F3B64FC}.Release|x64.ActiveCfg = Release|Any CPU
		{A25CC2A0-E130-76EE-C8E0-9F1A5F3B64FC}.Release|x64.Build.0 = Release|Any CPU
		{A25CC2A0-E130-76EE-C8E0-9F1A5F3B64FC}.Release|x86.ActiveCfg = Release|Any CPU
		{A25CC2A0-E130-76EE-C8E0-9F1A5F3B64FC}.Release|x86.Build.0 = Release|Any CPU
		{8678A961-0FA5-4301-8963-BDDC98FE595B}.Debug|Any CPU.ActiveCfg = Debug|Any CPU
		{8678A961-0FA5-4301-8963-BDDC98FE595B}.Debug|Any CPU.Build.0 = Debug|Any CPU
		{8678A961-0FA5-4301-8963-BDDC98FE595B}.Debug|x64.ActiveCfg = Debug|Any CPU
		{8678A961-0FA5-4301-8963-BDDC98FE595B}.Debug|x64.Build.0 = Debug|Any CPU
		{8678A961-0FA5-4301-8963-BDDC98FE595B}.Debug|x86.ActiveCfg = Debug|Any CPU
		{8678A961-0FA5-4301-8963-BDDC98FE595B}.Debug|x86.Build.0 = Debug|Any CPU
		{8678A961-0FA5-4301-8963-BDDC98FE595B}.Release_Server|Any CPU.ActiveCfg = Release_Server|Any CPU
		{8678A961-0FA5-4301-8963-BDDC98FE595B}.Release_Server|Any CPU.Build.0 = Release_Server|Any CPU
		{8678A961-0FA5-4301-8963-BDDC98FE595B}.Release_Server|x64.ActiveCfg = Release_Server|Any CPU
		{8678A961-0FA5-4301-8963-BDDC98FE595B}.Release_Server|x64.Build.0 = Release_Server|Any CPU
		{8678A961-0FA5-4301-8963-BDDC98FE595B}.Release_Server|x86.ActiveCfg = Release_Server|Any CPU
		{8678A961-0FA5-4301-8963-BDDC98FE595B}.Release_Server|x86.Build.0 = Release_Server|Any CPU
		{8678A961-0FA5-4301-8963-BDDC98FE595B}.Release|Any CPU.ActiveCfg = Release|Any CPU
		{8678A961-0FA5-4301-8963-BDDC98FE595B}.Release|Any CPU.Build.0 = Release|Any CPU
		{8678A961-0FA5-4301-8963-BDDC98FE595B}.Release|x64.ActiveCfg = Release|Any CPU
		{8678A961-0FA5-4301-8963-BDDC98FE595B}.Release|x64.Build.0 = Release|Any CPU
		{8678A961-0FA5-4301-8963-BDDC98FE595B}.Release|x86.ActiveCfg = Release|Any CPU
		{8678A961-0FA5-4301-8963-BDDC98FE595B}.Release|x86.Build.0 = Release|Any CPU
		{D3B09CF6-43E1-4D47-989A-75CC25921192}.Debug|Any CPU.ActiveCfg = Debug|Any CPU
		{D3B09CF6-43E1-4D47-989A-75CC25921192}.Debug|Any CPU.Build.0 = Debug|Any CPU
		{D3B09CF6-43E1-4D47-989A-75CC25921192}.Debug|x64.ActiveCfg = Debug|Any CPU
		{D3B09CF6-43E1-4D47-989A-75CC25921192}.Debug|x64.Build.0 = Debug|Any CPU
		{D3B09CF6-43E1-4D47-989A-75CC25921192}.Debug|x86.ActiveCfg = Debug|Any CPU
		{D3B09CF6-43E1-4D47-989A-75CC25921192}.Debug|x86.Build.0 = Debug|Any CPU
		{D3B09CF6-43E1-4D47-989A-75CC25921192}.Release_Server|Any CPU.ActiveCfg = Release|Any CPU
		{D3B09CF6-43E1-4D47-989A-75CC25921192}.Release_Server|Any CPU.Build.0 = Release|Any CPU
		{D3B09CF6-43E1-4D47-989A-75CC25921192}.Release_Server|x64.ActiveCfg = Release|Any CPU
		{D3B09CF6-43E1-4D47-989A-75CC25921192}.Release_Server|x64.Build.0 = Release|Any CPU
		{D3B09CF6-43E1-4D47-989A-75CC25921192}.Release_Server|x86.ActiveCfg = Release|Any CPU
		{D3B09CF6-43E1-4D47-989A-75CC25921192}.Release_Server|x86.Build.0 = Release|Any CPU
		{D3B09CF6-43E1-4D47-989A-75CC25921192}.Release|Any CPU.ActiveCfg = Release|Any CPU
		{D3B09CF6-43E1-4D47-989A-75CC25921192}.Release|Any CPU.Build.0 = Release|Any CPU
		{D3B09CF6-43E1-4D47-989A-75CC25921192}.Release|x64.ActiveCfg = Release|Any CPU
		{D3B09CF6-43E1-4D47-989A-75CC25921192}.Release|x64.Build.0 = Release|Any CPU
		{D3B09CF6-43E1-4D47-989A-75CC25921192}.Release|x86.ActiveCfg = Release|Any CPU
		{D3B09CF6-43E1-4D47-989A-75CC25921192}.Release|x86.Build.0 = Release|Any CPU
		{A4F5784A-1607-BABB-CAF4-8EAB217A9C87}.Debug|Any CPU.ActiveCfg = Debug|Any CPU
		{A4F5784A-1607-BABB-CAF4-8EAB217A9C87}.Debug|Any CPU.Build.0 = Debug|Any CPU
		{A4F5784A-1607-BABB-CAF4-8EAB217A9C87}.Debug|x64.ActiveCfg = Debug|Any CPU
		{A4F5784A-1607-BABB-CAF4-8EAB217A9C87}.Debug|x64.Build.0 = Debug|Any CPU
		{A4F5784A-1607-BABB-CAF4-8EAB217A9C87}.Debug|x86.ActiveCfg = Debug|Any CPU
		{A4F5784A-1607-BABB-CAF4-8EAB217A9C87}.Debug|x86.Build.0 = Debug|Any CPU
		{A4F5784A-1607-BABB-CAF4-8EAB217A9C87}.Release_Server|Any CPU.ActiveCfg = Release_Server|Any CPU
		{A4F5784A-1607-BABB-CAF4-8EAB217A9C87}.Release_Server|Any CPU.Build.0 = Release_Server|Any CPU
		{A4F5784A-1607-BABB-CAF4-8EAB217A9C87}.Release_Server|x64.ActiveCfg = Release_Server|Any CPU
		{A4F5784A-1607-BABB-CAF4-8EAB217A9C87}.Release_Server|x64.Build.0 = Release_Server|Any CPU
		{A4F5784A-1607-BABB-CAF4-8EAB217A9C87}.Release_Server|x86.ActiveCfg = Release_Server|Any CPU
		{A4F5784A-1607-BABB-CAF4-8EAB217A9C87}.Release_Server|x86.Build.0 = Release_Server|Any CPU
		{A4F5784A-1607-BABB-CAF4-8EAB217A9C87}.Release|Any CPU.ActiveCfg = Release|Any CPU
		{A4F5784A-1607-BABB-CAF4-8EAB217A9C87}.Release|Any CPU.Build.0 = Release|Any CPU
		{A4F5784A-1607-BABB-CAF4-8EAB217A9C87}.Release|x64.ActiveCfg = Release|Any CPU
		{A4F5784A-1607-BABB-CAF4-8EAB217A9C87}.Release|x64.Build.0 = Release|Any CPU
		{A4F5784A-1607-BABB-CAF4-8EAB217A9C87}.Release|x86.ActiveCfg = Release|Any CPU
		{A4F5784A-1607-BABB-CAF4-8EAB217A9C87}.Release|x86.Build.0 = Release|Any CPU
		{CF2DC545-D0E3-A396-ED05-CF2DEA797709}.Debug|Any CPU.ActiveCfg = Debug|Any CPU
		{CF2DC545-D0E3-A396-ED05-CF2DEA797709}.Debug|Any CPU.Build.0 = Debug|Any CPU
		{CF2DC545-D0E3-A396-ED05-CF2DEA797709}.Debug|x64.ActiveCfg = Debug|Any CPU
		{CF2DC545-D0E3-A396-ED05-CF2DEA797709}.Debug|x64.Build.0 = Debug|Any CPU
		{CF2DC545-D0E3-A396-ED05-CF2DEA797709}.Debug|x86.ActiveCfg = Debug|Any CPU
		{CF2DC545-D0E3-A396-ED05-CF2DEA797709}.Debug|x86.Build.0 = Debug|Any CPU
		{CF2DC545-D0E3-A396-ED05-CF2DEA797709}.Release_Server|Any CPU.ActiveCfg = Release_Server|Any CPU
		{CF2DC545-D0E3-A396-ED05-CF2DEA797709}.Release_Server|Any CPU.Build.0 = Release_Server|Any CPU
		{CF2DC545-D0E3-A396-ED05-CF2DEA797709}.Release_Server|x64.ActiveCfg = Release_Server|Any CPU
		{CF2DC545-D0E3-A396-ED05-CF2DEA797709}.Release_Server|x64.Build.0 = Release_Server|Any CPU
		{CF2DC545-D0E3-A396-ED05-CF2DEA797709}.Release_Server|x86.ActiveCfg = Release_Server|Any CPU
		{CF2DC545-D0E3-A396-ED05-CF2DEA797709}.Release_Server|x86.Build.0 = Release_Server|Any CPU
		{CF2DC545-D0E3-A396-ED05-CF2DEA797709}.Release|Any CPU.ActiveCfg = Release|Any CPU
		{CF2DC545-D0E3-A396-ED05-CF2DEA797709}.Release|Any CPU.Build.0 = Release|Any CPU
		{CF2DC545-D0E3-A396-ED05-CF2DEA797709}.Release|x64.ActiveCfg = Release|Any CPU
		{CF2DC545-D0E3-A396-ED05-CF2DEA797709}.Release|x64.Build.0 = Release|Any CPU
		{CF2DC545-D0E3-A396-ED05-CF2DEA797709}.Release|x86.ActiveCfg = Release|Any CPU
		{CF2DC545-D0E3-A396-ED05-CF2DEA797709}.Release|x86.Build.0 = Release|Any CPU
		{66B0B512-341F-7C1C-2562-1C8AC786BB68}.Debug|Any CPU.ActiveCfg = Debug|Any CPU
		{66B0B512-341F-7C1C-2562-1C8AC786BB68}.Debug|Any CPU.Build.0 = Debug|Any CPU
		{66B0B512-341F-7C1C-2562-1C8AC786BB68}.Debug|x64.ActiveCfg = Debug|Any CPU
		{66B0B512-341F-7C1C-2562-1C8AC786BB68}.Debug|x64.Build.0 = Debug|Any CPU
		{66B0B512-341F-7C1C-2562-1C8AC786BB68}.Debug|x86.ActiveCfg = Debug|Any CPU
		{66B0B512-341F-7C1C-2562-1C8AC786BB68}.Debug|x86.Build.0 = Debug|Any CPU
		{66B0B512-341F-7C1C-2562-1C8AC786BB68}.Release_Server|Any CPU.ActiveCfg = Release_Server|Any CPU
		{66B0B512-341F-7C1C-2562-1C8AC786BB68}.Release_Server|Any CPU.Build.0 = Release_Server|Any CPU
		{66B0B512-341F-7C1C-2562-1C8AC786BB68}.Release_Server|x64.ActiveCfg = Release_Server|Any CPU
		{66B0B512-341F-7C1C-2562-1C8AC786BB68}.Release_Server|x64.Build.0 = Release_Server|Any CPU
		{66B0B512-341F-7C1C-2562-1C8AC786BB68}.Release_Server|x86.ActiveCfg = Release_Server|Any CPU
		{66B0B512-341F-7C1C-2562-1C8AC786BB68}.Release_Server|x86.Build.0 = Release_Server|Any CPU
		{66B0B512-341F-7C1C-2562-1C8AC786BB68}.Release|Any CPU.ActiveCfg = Release|Any CPU
		{66B0B512-341F-7C1C-2562-1C8AC786BB68}.Release|Any CPU.Build.0 = Release|Any CPU
		{66B0B512-341F-7C1C-2562-1C8AC786BB68}.Release|x64.ActiveCfg = Release|Any CPU
		{66B0B512-341F-7C1C-2562-1C8AC786BB68}.Release|x64.Build.0 = Release|Any CPU
		{66B0B512-341F-7C1C-2562-1C8AC786BB68}.Release|x86.ActiveCfg = Release|Any CPU
		{66B0B512-341F-7C1C-2562-1C8AC786BB68}.Release|x86.Build.0 = Release|Any CPU
		{988651A8-4B36-F06F-7D96-2357ECC4D738}.Debug|Any CPU.ActiveCfg = Debug|Any CPU
		{988651A8-4B36-F06F-7D96-2357ECC4D738}.Debug|Any CPU.Build.0 = Debug|Any CPU
		{988651A8-4B36-F06F-7D96-2357ECC4D738}.Debug|x64.ActiveCfg = Debug|Any CPU
		{988651A8-4B36-F06F-7D96-2357ECC4D738}.Debug|x64.Build.0 = Debug|Any CPU
		{988651A8-4B36-F06F-7D96-2357ECC4D738}.Debug|x86.ActiveCfg = Debug|Any CPU
		{988651A8-4B36-F06F-7D96-2357ECC4D738}.Debug|x86.Build.0 = Debug|Any CPU
		{988651A8-4B36-F06F-7D96-2357ECC4D738}.Release_Server|Any CPU.ActiveCfg = Release_Server|Any CPU
		{988651A8-4B36-F06F-7D96-2357ECC4D738}.Release_Server|Any CPU.Build.0 = Release_Server|Any CPU
		{988651A8-4B36-F06F-7D96-2357ECC4D738}.Release_Server|x64.ActiveCfg = Release_Server|Any CPU
		{988651A8-4B36-F06F-7D96-2357ECC4D738}.Release_Server|x64.Build.0 = Release_Server|Any CPU
		{988651A8-4B36-F06F-7D96-2357ECC4D738}.Release_Server|x86.ActiveCfg = Release_Server|Any CPU
		{988651A8-4B36-F06F-7D96-2357ECC4D738}.Release_Server|x86.Build.0 = Release_Server|Any CPU
		{988651A8-4B36-F06F-7D96-2357ECC4D738}.Release|Any CPU.ActiveCfg = Release|Any CPU
		{988651A8-4B36-F06F-7D96-2357ECC4D738}.Release|Any CPU.Build.0 = Release|Any CPU
		{988651A8-4B36-F06F-7D96-2357ECC4D738}.Release|x64.ActiveCfg = Release|Any CPU
		{988651A8-4B36-F06F-7D96-2357ECC4D738}.Release|x64.Build.0 = Release|Any CPU
		{988651A8-4B36-F06F-7D96-2357ECC4D738}.Release|x86.ActiveCfg = Release|Any CPU
		{988651A8-4B36-F06F-7D96-2357ECC4D738}.Release|x86.Build.0 = Release|Any CPU
		{87686246-725E-2015-ADA2-C54999C555D3}.Debug|Any CPU.ActiveCfg = Debug|Any CPU
		{87686246-725E-2015-ADA2-C54999C555D3}.Debug|Any CPU.Build.0 = Debug|Any CPU
		{87686246-725E-2015-ADA2-C54999C555D3}.Debug|x64.ActiveCfg = Debug|Any CPU
		{87686246-725E-2015-ADA2-C54999C555D3}.Debug|x64.Build.0 = Debug|Any CPU
		{87686246-725E-2015-ADA2-C54999C555D3}.Debug|x86.ActiveCfg = Debug|Any CPU
		{87686246-725E-2015-ADA2-C54999C555D3}.Debug|x86.Build.0 = Debug|Any CPU
		{87686246-725E-2015-ADA2-C54999C555D3}.Release_Server|Any CPU.ActiveCfg = Release|Any CPU
		{87686246-725E-2015-ADA2-C54999C555D3}.Release_Server|Any CPU.Build.0 = Release|Any CPU
		{87686246-725E-2015-ADA2-C54999C555D3}.Release_Server|x64.ActiveCfg = Release|Any CPU
		{87686246-725E-2015-ADA2-C54999C555D3}.Release_Server|x64.Build.0 = Release|Any CPU
		{87686246-725E-2015-ADA2-C54999C555D3}.Release_Server|x86.ActiveCfg = Release|Any CPU
		{87686246-725E-2015-ADA2-C54999C555D3}.Release_Server|x86.Build.0 = Release|Any CPU
		{87686246-725E-2015-ADA2-C54999C555D3}.Release|Any CPU.ActiveCfg = Release|Any CPU
		{87686246-725E-2015-ADA2-C54999C555D3}.Release|Any CPU.Build.0 = Release|Any CPU
		{87686246-725E-2015-ADA2-C54999C555D3}.Release|x64.ActiveCfg = Release|Any CPU
		{87686246-725E-2015-ADA2-C54999C555D3}.Release|x64.Build.0 = Release|Any CPU
		{87686246-725E-2015-ADA2-C54999C555D3}.Release|x86.ActiveCfg = Release|Any CPU
		{87686246-725E-2015-ADA2-C54999C555D3}.Release|x86.Build.0 = Release|Any CPU
		{7107F6C9-B7B2-F31B-6F6E-BA96207DEDD7}.Debug|Any CPU.ActiveCfg = Debug|Any CPU
		{7107F6C9-B7B2-F31B-6F6E-BA96207DEDD7}.Debug|Any CPU.Build.0 = Debug|Any CPU
		{7107F6C9-B7B2-F31B-6F6E-BA96207DEDD7}.Debug|x64.ActiveCfg = Debug|Any CPU
		{7107F6C9-B7B2-F31B-6F6E-BA96207DEDD7}.Debug|x64.Build.0 = Debug|Any CPU
		{7107F6C9-B7B2-F31B-6F6E-BA96207DEDD7}.Debug|x86.ActiveCfg = Debug|Any CPU
		{7107F6C9-B7B2-F31B-6F6E-BA96207DEDD7}.Debug|x86.Build.0 = Debug|Any CPU
		{7107F6C9-B7B2-F31B-6F6E-BA96207DEDD7}.Release_Server|Any CPU.ActiveCfg = Release|Any CPU
		{7107F6C9-B7B2-F31B-6F6E-BA96207DEDD7}.Release_Server|Any CPU.Build.0 = Release|Any CPU
		{7107F6C9-B7B2-F31B-6F6E-BA96207DEDD7}.Release_Server|x64.ActiveCfg = Release|Any CPU
		{7107F6C9-B7B2-F31B-6F6E-BA96207DEDD7}.Release_Server|x64.Build.0 = Release|Any CPU
		{7107F6C9-B7B2-F31B-6F6E-BA96207DEDD7}.Release_Server|x86.ActiveCfg = Release|Any CPU
		{7107F6C9-B7B2-F31B-6F6E-BA96207DEDD7}.Release_Server|x86.Build.0 = Release|Any CPU
		{7107F6C9-B7B2-F31B-6F6E-BA96207DEDD7}.Release|Any CPU.ActiveCfg = Release|Any CPU
		{7107F6C9-B7B2-F31B-6F6E-BA96207DEDD7}.Release|Any CPU.Build.0 = Release|Any CPU
		{7107F6C9-B7B2-F31B-6F6E-BA96207DEDD7}.Release|x64.ActiveCfg = Release|Any CPU
		{7107F6C9-B7B2-F31B-6F6E-BA96207DEDD7}.Release|x64.Build.0 = Release|Any CPU
		{7107F6C9-B7B2-F31B-6F6E-BA96207DEDD7}.Release|x86.ActiveCfg = Release|Any CPU
		{7107F6C9-B7B2-F31B-6F6E-BA96207DEDD7}.Release|x86.Build.0 = Release|Any CPU
		{97CCEBC6-A60B-4FF9-BE55-13DDAC977392}.Debug|Any CPU.ActiveCfg = Debug|Any CPU
		{97CCEBC6-A60B-4FF9-BE55-13DDAC977392}.Debug|Any CPU.Build.0 = Debug|Any CPU
		{97CCEBC6-A60B-4FF9-BE55-13DDAC977392}.Debug|x64.ActiveCfg = Debug|Any CPU
		{97CCEBC6-A60B-4FF9-BE55-13DDAC977392}.Debug|x64.Build.0 = Debug|Any CPU
		{97CCEBC6-A60B-4FF9-BE55-13DDAC977392}.Debug|x86.ActiveCfg = Debug|Any CPU
		{97CCEBC6-A60B-4FF9-BE55-13DDAC977392}.Debug|x86.Build.0 = Debug|Any CPU
		{97CCEBC6-A60B-4FF9-BE55-13DDAC977392}.Release_Server|Any CPU.ActiveCfg = Release_Server|Any CPU
		{97CCEBC6-A60B-4FF9-BE55-13DDAC977392}.Release_Server|Any CPU.Build.0 = Release_Server|Any CPU
		{97CCEBC6-A60B-4FF9-BE55-13DDAC977392}.Release_Server|x64.ActiveCfg = Release_Server|Any CPU
		{97CCEBC6-A60B-4FF9-BE55-13DDAC977392}.Release_Server|x64.Build.0 = Release_Server|Any CPU
		{97CCEBC6-A60B-4FF9-BE55-13DDAC977392}.Release_Server|x86.ActiveCfg = Release_Server|Any CPU
		{97CCEBC6-A60B-4FF9-BE55-13DDAC977392}.Release_Server|x86.Build.0 = Release_Server|Any CPU
		{97CCEBC6-A60B-4FF9-BE55-13DDAC977392}.Release|Any CPU.ActiveCfg = Release|Any CPU
		{97CCEBC6-A60B-4FF9-BE55-13DDAC977392}.Release|Any CPU.Build.0 = Release|Any CPU
		{97CCEBC6-A60B-4FF9-BE55-13DDAC977392}.Release|x64.ActiveCfg = Release|Any CPU
		{97CCEBC6-A60B-4FF9-BE55-13DDAC977392}.Release|x64.Build.0 = Release|Any CPU
		{97CCEBC6-A60B-4FF9-BE55-13DDAC977392}.Release|x86.ActiveCfg = Release|Any CPU
		{97CCEBC6-A60B-4FF9-BE55-13DDAC977392}.Release|x86.Build.0 = Release|Any CPU
	EndGlobalSection
	GlobalSection(SolutionProperties) = preSolution
		HideSolutionNode = FALSE
	EndGlobalSection
	GlobalSection(NestedProjects) = preSolution
		{5C9C82BC-E60C-4FFE-A8F4-96A5DFF36D75} = {AC024A07-5A9B-4C77-BC28-916AD83C5EF1}
		{A5C371C9-7183-4821-8714-77F4A69D2CAA} = {AC024A07-5A9B-4C77-BC28-916AD83C5EF1}
		{294B45CA-BCD0-022F-9AF4-7BE920B64B52} = {185FF486-A759-4A7E-BEF7-BBF8AC541F4E}
		{4D751F3C-DDCE-99E5-5AFD-26BF0090EAD9} = {185FF486-A759-4A7E-BEF7-BBF8AC541F4E}
		{A25CC2A0-E130-76EE-C8E0-9F1A5F3B64FC} = {185FF486-A759-4A7E-BEF7-BBF8AC541F4E}
		{8678A961-0FA5-4301-8963-BDDC98FE595B} = {727CC0E9-930E-463C-B4B4-A20EA0881236}
		{D3B09CF6-43E1-4D47-989A-75CC25921192} = {D41FD700-F286-4EC1-9180-99FBDFC5719A}
		{A4F5784A-1607-BABB-CAF4-8EAB217A9C87} = {727CC0E9-930E-463C-B4B4-A20EA0881236}
		{CF2DC545-D0E3-A396-ED05-CF2DEA797709} = {185FF486-A759-4A7E-BEF7-BBF8AC541F4E}
		{66B0B512-341F-7C1C-2562-1C8AC786BB68} = {42AB3EEE-51A7-4C23-8AF9-11E03BB2DE53}
		{988651A8-4B36-F06F-7D96-2357ECC4D738} = {42AB3EEE-51A7-4C23-8AF9-11E03BB2DE53}
		{87686246-725E-2015-ADA2-C54999C555D3} = {AC024A07-5A9B-4C77-BC28-916AD83C5EF1}
		{7107F6C9-B7B2-F31B-6F6E-BA96207DEDD7} = {D41FD700-F286-4EC1-9180-99FBDFC5719A}
	EndGlobalSection
	GlobalSection(ExtensibilityGlobals) = postSolution
		SolutionGuid = {0E2B2251-4D4B-4031-8703-54146C8A2312}
	EndGlobalSection
EndGlobal
