
Microsoft Visual Studio Solution File, Format Version 12.00
# Visual Studio Version 17
VisualStudioVersion = 17.1.31903.286
MinimumVisualStudioVersion = 10.0.40219.1
Project("{9A19103F-16F7-4668-BE54-9A1E7A4F7556}") = "Components", "Components\Components.csproj", "{5C9C82BC-E60C-4FFE-A8F4-96A5DFF36D75}"
EndProject
Project("{9A19103F-16F7-4668-BE54-9A1E7A4F7556}") = "Demo", "Demo\Demo.csproj", "{1CB239B6-18F3-44B9-A0BE-7BCC56197483}"
EndProject
Project("{9A19103F-16F7-4668-BE54-9A1E7A4F7556}") = "ServerDemo", "ServerDemo\ServerDemo.csproj", "{46BA7A71-02F3-4529-BF32-431E766932AC}"
EndProject
Project("{2150E333-8FDC-42A3-9474-1A3956D46DE8}") = "Demos", "Demos", "{ECE275AE-809F-4FC4-95B9-FDF52B4DE314}"
EndProject
Project("{2150E333-8FDC-42A3-9474-1A3956D46DE8}") = "Libraries", "Libraries", "{D52BFA7D-5BEB-4725-A236-AD118B84FBB6}"
EndProject
Project("{9A19103F-16F7-4668-BE54-9A1E7A4F7556}") = "Components.WebAssmbly", "Components.WebAssmbly\Components.WebAssmbly.csproj", "{A5C371C9-7183-4821-8714-77F4A69D2CAA}"
EndProject
Project("{9A19103F-16F7-4668-BE54-9A1E7A4F7556}") = "BlazorApp1.Server", "BlazorApp1\Server\BlazorApp1.Server.csproj", "{E2611D4D-6277-440C-BF83-CD5E562AFE35}"
EndProject
Project("{9A19103F-16F7-4668-BE54-9A1E7A4F7556}") = "BlazorApp1.Client", "BlazorApp1\Client\BlazorApp1.Client.csproj", "{49852E47-71D8-4301-97A8-227BB4F852F9}"
EndProject
Project("{9A19103F-16F7-4668-BE54-9A1E7A4F7556}") = "BlazorApp1.Shared", "BlazorApp1\Shared\BlazorApp1.Shared.csproj", "{6C9D5A41-FD20-4D6C-9A0A-158305A2FACF}"
EndProject
Project("{9A19103F-16F7-4668-BE54-9A1E7A4F7556}") = "Components.BlazorDemo", "Components.BlazorDemo\Components.BlazorDemo\Components.BlazorDemo.csproj", "{8F08B887-F0B8-4F01-A8DA-877BC43A2EEB}"
EndProject
Project("{9A19103F-16F7-4668-BE54-9A1E7A4F7556}") = "Components.BlazorDemo.Client", "Components.BlazorDemo\Components.BlazorDemo.Client\Components.BlazorDemo.Client.csproj", "{540C611B-F079-4315-859F-EEA6302E6E9D}"
EndProject
Global
	GlobalSection(SolutionConfigurationPlatforms) = preSolution
		Debug|Any CPU = Debug|Any CPU
		Release_Server|Any CPU = Release_Server|Any CPU
		Release|Any CPU = Release|Any CPU
	EndGlobalSection
	GlobalSection(ProjectConfigurationPlatforms) = postSolution
		{5C9C82BC-E60C-4FFE-A8F4-96A5DFF36D75}.Debug|Any CPU.ActiveCfg = Debug|Any CPU
		{5C9C82BC-E60C-4FFE-A8F4-96A5DFF36D75}.Debug|Any CPU.Build.0 = Debug|Any CPU
		{5C9C82BC-E60C-4FFE-A8F4-96A5DFF36D75}.Release_Server|Any CPU.ActiveCfg = Release_Server|Any CPU
		{5C9C82BC-E60C-4FFE-A8F4-96A5DFF36D75}.Release_Server|Any CPU.Build.0 = Release_Server|Any CPU
		{5C9C82BC-E60C-4FFE-A8F4-96A5DFF36D75}.Release|Any CPU.ActiveCfg = Release|Any CPU
		{5C9C82BC-E60C-4FFE-A8F4-96A5DFF36D75}.Release|Any CPU.Build.0 = Release|Any CPU
		{1CB239B6-18F3-44B9-A0BE-7BCC56197483}.Debug|Any CPU.ActiveCfg = Debug|Any CPU
		{1CB239B6-18F3-44B9-A0BE-7BCC56197483}.Debug|Any CPU.Build.0 = Debug|Any CPU
		{1CB239B6-18F3-44B9-A0BE-7BCC56197483}.Release_Server|Any CPU.ActiveCfg = Release_Server|Any CPU
		{1CB239B6-18F3-44B9-A0BE-7BCC56197483}.Release_Server|Any CPU.Build.0 = Release_Server|Any CPU
		{1CB239B6-18F3-44B9-A0BE-7BCC56197483}.Release|Any CPU.ActiveCfg = Release|Any CPU
		{1CB239B6-18F3-44B9-A0BE-7BCC56197483}.Release|Any CPU.Build.0 = Release|Any CPU
		{46BA7A71-02F3-4529-BF32-431E766932AC}.Debug|Any CPU.ActiveCfg = Debug|Any CPU
		{46BA7A71-02F3-4529-BF32-431E766932AC}.Debug|Any CPU.Build.0 = Debug|Any CPU
		{46BA7A71-02F3-4529-BF32-431E766932AC}.Release_Server|Any CPU.ActiveCfg = Release|Any CPU
		{46BA7A71-02F3-4529-BF32-431E766932AC}.Release_Server|Any CPU.Build.0 = Release|Any CPU
		{46BA7A71-02F3-4529-BF32-431E766932AC}.Release|Any CPU.ActiveCfg = Release|Any CPU
		{46BA7A71-02F3-4529-BF32-431E766932AC}.Release|Any CPU.Build.0 = Release|Any CPU
		{A5C371C9-7183-4821-8714-77F4A69D2CAA}.Debug|Any CPU.ActiveCfg = Debug|Any CPU
		{A5C371C9-7183-4821-8714-77F4A69D2CAA}.Debug|Any CPU.Build.0 = Debug|Any CPU
		{A5C371C9-7183-4821-8714-77F4A69D2CAA}.Release_Server|Any CPU.ActiveCfg = Release|Any CPU
		{A5C371C9-7183-4821-8714-77F4A69D2CAA}.Release_Server|Any CPU.Build.0 = Release|Any CPU
		{A5C371C9-7183-4821-8714-77F4A69D2CAA}.Release|Any CPU.ActiveCfg = Release|Any CPU
		{A5C371C9-7183-4821-8714-77F4A69D2CAA}.Release|Any CPU.Build.0 = Release|Any CPU
		{E2611D4D-6277-440C-BF83-CD5E562AFE35}.Debug|Any CPU.ActiveCfg = Debug|Any CPU
		{E2611D4D-6277-440C-BF83-CD5E562AFE35}.Debug|Any CPU.Build.0 = Debug|Any CPU
		{E2611D4D-6277-440C-BF83-CD5E562AFE35}.Release_Server|Any CPU.ActiveCfg = Release|Any CPU
		{E2611D4D-6277-440C-BF83-CD5E562AFE35}.Release_Server|Any CPU.Build.0 = Release|Any CPU
		{E2611D4D-6277-440C-BF83-CD5E562AFE35}.Release|Any CPU.ActiveCfg = Release|Any CPU
		{E2611D4D-6277-440C-BF83-CD5E562AFE35}.Release|Any CPU.Build.0 = Release|Any CPU
		{49852E47-71D8-4301-97A8-227BB4F852F9}.Debug|Any CPU.ActiveCfg = Debug|Any CPU
		{49852E47-71D8-4301-97A8-227BB4F852F9}.Debug|Any CPU.Build.0 = Debug|Any CPU
		{49852E47-71D8-4301-97A8-227BB4F852F9}.Release_Server|Any CPU.ActiveCfg = Release|Any CPU
		{49852E47-71D8-4301-97A8-227BB4F852F9}.Release_Server|Any CPU.Build.0 = Release|Any CPU
		{49852E47-71D8-4301-97A8-227BB4F852F9}.Release|Any CPU.ActiveCfg = Release|Any CPU
		{49852E47-71D8-4301-97A8-227BB4F852F9}.Release|Any CPU.Build.0 = Release|Any CPU
		{6C9D5A41-FD20-4D6C-9A0A-158305A2FACF}.Debug|Any CPU.ActiveCfg = Debug|Any CPU
		{6C9D5A41-FD20-4D6C-9A0A-158305A2FACF}.Debug|Any CPU.Build.0 = Debug|Any CPU
		{6C9D5A41-FD20-4D6C-9A0A-158305A2FACF}.Release_Server|Any CPU.ActiveCfg = Release|Any CPU
		{6C9D5A41-FD20-4D6C-9A0A-158305A2FACF}.Release_Server|Any CPU.Build.0 = Release|Any CPU
		{6C9D5A41-FD20-4D6C-9A0A-158305A2FACF}.Release|Any CPU.ActiveCfg = Release|Any CPU
		{6C9D5A41-FD20-4D6C-9A0A-158305A2FACF}.Release|Any CPU.Build.0 = Release|Any CPU
		{8F08B887-F0B8-4F01-A8DA-877BC43A2EEB}.Debug|Any CPU.ActiveCfg = Debug|Any CPU
		{8F08B887-F0B8-4F01-A8DA-877BC43A2EEB}.Debug|Any CPU.Build.0 = Debug|Any CPU
		{8F08B887-F0B8-4F01-A8DA-877BC43A2EEB}.Release_Server|Any CPU.ActiveCfg = Release|Any CPU
		{8F08B887-F0B8-4F01-A8DA-877BC43A2EEB}.Release_Server|Any CPU.Build.0 = Release|Any CPU
		{8F08B887-F0B8-4F01-A8DA-877BC43A2EEB}.Release|Any CPU.ActiveCfg = Release|Any CPU
		{8F08B887-F0B8-4F01-A8DA-877BC43A2EEB}.Release|Any CPU.Build.0 = Release|Any CPU
		{540C611B-F079-4315-859F-EEA6302E6E9D}.Debug|Any CPU.ActiveCfg = Debug|Any CPU
		{540C611B-F079-4315-859F-EEA6302E6E9D}.Debug|Any CPU.Build.0 = Debug|Any CPU
		{540C611B-F079-4315-859F-EEA6302E6E9D}.Release_Server|Any CPU.ActiveCfg = Release|Any CPU
		{540C611B-F079-4315-859F-EEA6302E6E9D}.Release_Server|Any CPU.Build.0 = Release|Any CPU
		{540C611B-F079-4315-859F-EEA6302E6E9D}.Release|Any CPU.ActiveCfg = Release|Any CPU
		{540C611B-F079-4315-859F-EEA6302E6E9D}.Release|Any CPU.Build.0 = Release|Any CPU
	EndGlobalSection
	GlobalSection(SolutionProperties) = preSolution
		HideSolutionNode = FALSE
	EndGlobalSection
	GlobalSection(NestedProjects) = preSolution
		{5C9C82BC-E60C-4FFE-A8F4-96A5DFF36D75} = {D52BFA7D-5BEB-4725-A236-AD118B84FBB6}
		{1CB239B6-18F3-44B9-A0BE-7BCC56197483} = {ECE275AE-809F-4FC4-95B9-FDF52B4DE314}
		{46BA7A71-02F3-4529-BF32-431E766932AC} = {ECE275AE-809F-4FC4-95B9-FDF52B4DE314}
		{A5C371C9-7183-4821-8714-77F4A69D2CAA} = {D52BFA7D-5BEB-4725-A236-AD118B84FBB6}
		{E2611D4D-6277-440C-BF83-CD5E562AFE35} = {ECE275AE-809F-4FC4-95B9-FDF52B4DE314}
		{49852E47-71D8-4301-97A8-227BB4F852F9} = {ECE275AE-809F-4FC4-95B9-FDF52B4DE314}
		{6C9D5A41-FD20-4D6C-9A0A-158305A2FACF} = {ECE275AE-809F-4FC4-95B9-FDF52B4DE314}
		{8F08B887-F0B8-4F01-A8DA-877BC43A2EEB} = {ECE275AE-809F-4FC4-95B9-FDF52B4DE314}
		{540C611B-F079-4315-859F-EEA6302E6E9D} = {ECE275AE-809F-4FC4-95B9-FDF52B4DE314}
	EndGlobalSection
	GlobalSection(ExtensibilityGlobals) = postSolution
		SolutionGuid = {0E2B2251-4D4B-4031-8703-54146C8A2312}
	EndGlobalSection
EndGlobal
