{
  "name": "components",
  "version": "1.0.0",
  "lockfileVersion": 2,
  "requires": true,
  "packages": {
    "": {
      "name": "components",
      "version": "1.0.0",
      "license": "ISC",
      "dependencies": {
        "hls.js": "1.4.4"
      }
    },
    "node_modules/hls.js": {
      "version": "1.4.4",
      "resolved": "https://registry.npmjs.org/hls.js/-/hls.js-1.4.4.tgz",
      "integrity": "sha512-Yix3i1klHtTWIj8Fa/yoN5mFreY3eLKGrmVldpkQ+2Bb1PmEok9Ah/VfAzlJnwtInCo4rs5l6/W2tUh76DaSNA=="
    }
  },
  "dependencies": {
    "hls.js": {
      "version": "1.4.4",
      "resolved": "https://registry.npmjs.org/hls.js/-/hls.js-1.4.4.tgz",
      "integrity": "sha512-Yix3i1klHtTWIj8Fa/yoN5mFreY3eLKGrmVldpkQ+2Bb1PmEok9Ah/VfAzlJnwtInCo4rs5l6/W2tUh76DaSNA=="
    }
  }
}
